<?xml version="1.0" encoding="utf-8"?>
<Project ToolsVersion="4.0" xmlns="http://schemas.microsoft.com/developer/msbuild/2003">
  <ItemGroup>
    <ClCompile Include="EdgeDetect.cpp">
      <Filter>ImageTools</Filter>
    </ClCompile>
    <ClCompile Include="ImageFilters.cpp">
      <Filter>ImageTools</Filter>
    </ClCompile>
    <ClCompile Include="MotionEstimation.cpp">
      <Filter>ImageTools</Filter>
    </ClCompile>
    <ClCompile Include="OCR.cpp">
      <Filter>ImageTools</Filter>
    </ClCompile>
    <ClCompile Include="OCR_LuckyCase.cpp">
      <Filter>ImageTools</Filter>
    </ClCompile>
    <ClCompile Include="InputProcess.cpp">
      <Filter>ImageStore</Filter>
    </ClCompile>
    <ClCompile Include="PictureCache.cpp">
      <Filter>ImageStore</Filter>
    </ClCompile>
    <ClCompile Include="PiramidSearch.cpp">
      <Filter>ImageTools</Filter>
    </ClCompile>
    <ClCompile Include="Resampling.cpp">
      <Filter>ImageTools</Filter>
    </ClCompile>
    <ClCompile Include="UniquePixelPairSearch.cpp">
      <Filter>ImageTools</Filter>
    </ClCompile>
    <ClCompile Include="PixelProcess.cpp">
      <Filter>ImageTools</Filter>
    </ClCompile>
    <ClCompile Include="SplitChannelSearch.cpp">
      <Filter>ImageTools</Filter>
    </ClCompile>
    <ClCompile Include="SimilarSearch.cpp">
      <Filter>ImageTools</Filter>
    </ClCompile>
    <ClCompile Include="SaveImages.cpp">
      <Filter>ImageStore</Filter>
    </ClCompile>
    <ClCompile Include="ImageSearchDLL.cpp">
      <Filter>Dll</Filter>
    </ClCompile>
    <ClCompile Include="stdafx.cpp">
      <Filter>Dll</Filter>
    </ClCompile>
    <ClCompile Include="ImageSearch.cpp">
      <Filter>ImageTools</Filter>
    </ClCompile>
    <ClCompile Include="GameScripts\LordsMobile.cpp">
      <Filter>GameSpecific\LordsMobile</Filter>
    </ClCompile>
    <ClCompile Include="GameScripts\LordsMobile_NoOCR.cpp">
      <Filter>GameSpecific\LordsMobile</Filter>
    </ClCompile>
    <ClCompile Include="Benchmarks\Benchmarks.cpp">
      <Filter>Testing</Filter>
    </ClCompile>
    <ClCompile Include="debug.cpp">
      <Filter>Testing</Filter>
    </ClCompile>
    <ClCompile Include="Testing\Lords.cpp">
      <Filter>Testing</Filter>
    </ClCompile>
    <ClCompile Include="GradientRemove.cpp">
      <Filter>ImageTools</Filter>
    </ClCompile>
    <ClCompile Include="EdgeFilter.cpp">
      <Filter>ImageTools</Filter>
    </ClCompile>
    <ClCompile Include="Testing\EdgeFilterTest.cpp">
      <Filter>Testing</Filter>
    </ClCompile>
    <ClCompile Include="Tools\Tools.cpp">
      <Filter>Tools</Filter>
    </ClCompile>
    <ClCompile Include="Tools\util.cpp">
      <Filter>Tools</Filter>
    </ClCompile>
    <ClCompile Include="Tools\CommandProcessor.cpp">
      <Filter>Tools</Filter>
    </ClCompile>
    <ClCompile Include="ProjectionDistanceMap.cpp">
      <Filter>ImageTools</Filter>
    </ClCompile>
    <ClCompile Include="DrawLine.cpp">
      <Filter>ImageTools</Filter>
    </ClCompile>
    <ClCompile Include="ImageSearchPreSAD.cpp">
      <Filter>ImageTools</Filter>
    </ClCompile>
    <ClCompile Include="ImageSAD.cpp">
      <Filter>ImageTools</Filter>
    </ClCompile>
    <ClCompile Include="ImageHash.cpp">
      <Filter>ImageTools</Filter>
    </ClCompile>
  </ItemGroup>
  <ItemGroup>
    <ClInclude Include="EdgeDetect.h">
      <Filter>ImageTools</Filter>
    </ClInclude>
    <ClInclude Include="ImageFilters.h">
      <Filter>ImageTools</Filter>
    </ClInclude>
    <ClInclude Include="MotionEstimation.h">
      <Filter>ImageTools</Filter>
    </ClInclude>
    <ClInclude Include="OCR.h">
      <Filter>ImageTools</Filter>
    </ClInclude>
    <ClInclude Include="OCR_LuckyCase.h">
      <Filter>ImageTools</Filter>
    </ClInclude>
    <ClInclude Include="InputProcess.h">
      <Filter>ImageStore</Filter>
    </ClInclude>
    <ClInclude Include="PictureCache.h">
      <Filter>ImageStore</Filter>
    </ClInclude>
    <ClInclude Include="PiramidSearch.h">
      <Filter>ImageTools</Filter>
    </ClInclude>
    <ClInclude Include="Resampling.h">
      <Filter>ImageTools</Filter>
    </ClInclude>
    <ClInclude Include="UniquePixelPairSearch.h">
      <Filter>ImageTools</Filter>
    </ClInclude>
    <ClInclude Include="PixelProcess.h">
      <Filter>ImageTools</Filter>
    </ClInclude>
    <ClInclude Include="SplitChannelSearch.h">
      <Filter>ImageTools</Filter>
    </ClInclude>
    <ClInclude Include="SimilarSearch.h">
      <Filter>ImageTools</Filter>
    </ClInclude>
    <ClInclude Include="SaveImages.h">
      <Filter>ImageStore</Filter>
    </ClInclude>
    <ClInclude Include="stdafx.h">
      <Filter>Dll</Filter>
    </ClInclude>
    <ClInclude Include="ImageSearch.h">
      <Filter>ImageTools</Filter>
    </ClInclude>
    <ClInclude Include="GameScripts\LordsMobile.h">
      <Filter>GameSpecific\LordsMobile</Filter>
    </ClInclude>
    <ClInclude Include="GameScripts\stdafx.h">
      <Filter>GameSpecific\LordsMobile</Filter>
    </ClInclude>
    <ClInclude Include="debug.h">
      <Filter>Testing</Filter>
    </ClInclude>
    <ClInclude Include="Testing\Lords.h">
      <Filter>Testing</Filter>
    </ClInclude>
    <ClInclude Include="GradientRemove.h">
      <Filter>ImageTools</Filter>
    </ClInclude>
    <ClInclude Include="EdgeFilter.h">
      <Filter>ImageTools</Filter>
    </ClInclude>
    <ClInclude Include="Testing\EdgeFilterTest.h">
      <Filter>Testing</Filter>
    </ClInclude>
    <ClInclude Include="Tools\stdafx.h">
      <Filter>Tools</Filter>
    </ClInclude>
    <ClInclude Include="Tools\Tools.h">
      <Filter>Tools</Filter>
    </ClInclude>
    <ClInclude Include="Tools\util.h">
      <Filter>Tools</Filter>
    </ClInclude>
    <ClInclude Include="Tools\CommandProcessor.h">
      <Filter>Tools</Filter>
    </ClInclude>
    <ClInclude Include="ProjectionDistanceMap.h">
      <Filter>ImageTools</Filter>
    </ClInclude>
    <ClInclude Include="DrawLine.h">
      <Filter>ImageTools</Filter>
    </ClInclude>
    <ClInclude Include="ImageSearchPreSAD.h">
      <Filter>ImageTools</Filter>
    </ClInclude>
    <ClInclude Include="ImageSAD.h">
      <Filter>ImageTools</Filter>
    </ClInclude>
    <ClInclude Include="ImageHash.h">
      <Filter>ImageTools</Filter>
    </ClInclude>
  </ItemGroup>
  <ItemGroup>
    <Filter Include="GameSpecific">
      <UniqueIdentifier>{de869b3e-bfd6-43f7-89ac-b41c7a648002}</UniqueIdentifier>
    </Filter>
    <Filter Include="ImageTools">
      <UniqueIdentifier>{3a71f524-dbb6-44b3-95fc-3ff096f7abdc}</UniqueIdentifier>
    </Filter>
    <Filter Include="ImageStore">
      <UniqueIdentifier>{db85fc95-2dc3-4c96-8469-be1c315c9c21}</UniqueIdentifier>
    </Filter>
    <Filter Include="GameSpecific\LordsMobile">
      <UniqueIdentifier>{512649c5-6eb9-4c4c-bda4-7a749f46bcc3}</UniqueIdentifier>
    </Filter>
    <Filter Include="Testing">
      <UniqueIdentifier>{97481876-d582-4a93-a441-a10b3ebc2a85}</UniqueIdentifier>
    </Filter>
    <Filter Include="Dll">
      <UniqueIdentifier>{8d4c212d-00bc-4804-8884-4eae243f8a87}</UniqueIdentifier>
    </Filter>
    <Filter Include="Tools">
      <UniqueIdentifier>{97e4e717-58fb-4aaf-8368-f0305742de02}</UniqueIdentifier>
    </Filter>
  </ItemGroup>
  <ItemGroup>
    <None Include="ImageSearchDLL.def">
      <Filter>Dll</Filter>
    </None>
  </ItemGroup>
  <ItemGroup>
    <CustomBuild Include="Benchmarks\Benchmarks.h">
      <Filter>Testing</Filter>
    </CustomBuild>
  </ItemGroup>
</Project>